Microsoft Visual Studio Solution File, Format Version 11.00
# Visual Studio 2008

Project("{00E25B4A-05A0-D083-9001-C2C234A28F9A}") = "MarioGetAway", "Assembly-CSharp.csproj", "{D13BFA17-D140-F3AD-C811-F6EDED4E647F}"
EndProject
Global
	GlobalSection(SolutionConfigurationPlatforms) = preSolution
		Debug|Any CPU = Debug|Any CPU
		Release|Any CPU = Release|Any CPU
	EndGlobalSection
	GlobalSection(ProjectConfigurationPlatforms) = postSolution
		{D13BFA17-D140-F3AD-C811-F6EDED4E647F}.Debug|Any CPU.ActiveCfg = Debug|Any CPU
		{D13BFA17-D140-F3AD-C811-F6EDED4E647F}.Debug|Any CPU.Build.0 = Debug|Any CPU
		{D13BFA17-D140-F3AD-C811-F6EDED4E647F}.Release|Any CPU.ActiveCfg = Release|Any CPU
		{D13BFA17-D140-F3AD-C811-F6EDED4E647F}.Release|Any CPU.Build.0 = Release|Any CPU
	EndGlobalSection
	GlobalSection(SolutionProperties) = preSolution
		HideSolutionNode = FALSE
	EndGlobalSection
	GlobalSection(MonoDevelopProperties) = preSolution
		StartupItem = Assembly-CSharp.csproj
	EndGlobalSection
EndGlobal
